
Microsoft Visual Studio Solution File, Format Version 12.00
# Visual Studio Version 16
VisualStudioVersion = 16.0.30907.101
MinimumVisualStudioVersion = 10.0.40219.1
Project("{FAE04EC0-301F-11D3-BF4B-00C04F79EFBC}") = "ConsoleApp2", "ConsoleApp2\ConsoleApp2.csproj", "{EA2DA5B9-B561-41CE-8F32-56F581F6879D}"
EndProject
Global
	GlobalSection(SolutionConfigurationPlatforms) = preSolution
		Debug|Any CPU = Debug|Any CPU
		Release|Any CPU = Release|Any CPU
	EndGlobalSection
	GlobalSection(ProjectConfigurationPlatforms) = postSolution
		{EA2DA5B9-B561-41CE-8F32-56F581F6879D}.Debug|Any CPU.ActiveCfg = Debug|Any CPU
		{EA2DA5B9-B561-41CE-8F32-56F581F6879D}.Debug|Any CPU.Build.0 = Debug|Any CPU
		{EA2DA5B9-B561-41CE-8F32-56F581F6879D}.Release|Any CPU.ActiveCfg = Release|Any CPU
		{EA2DA5B9-B561-41CE-8F32-56F581F6879D}.Release|Any CPU.Build.0 = Release|Any CPU
	EndGlobalSection
	GlobalSection(SolutionProperties) = preSolution
		HideSolutionNode = FALSE
	EndGlobalSection
	GlobalSection(ExtensibilityGlobals) = postSolution
		SolutionGuid = {B0725AEC-5465-495D-9D6D-9C259E159495}
	EndGlobalSection
EndGlobal
